
Microsoft Visual Studio Solution File, Format Version 12.00
# Visual Studio Version 17
VisualStudioVersion = 17.3.32929.385
MinimumVisualStudioVersion = 10.0.40219.1
Project("{FAE04EC0-301F-11D3-BF4B-00C04F79EFBC}") = "Student-Admin-Portal-API", "Student-Admin-Portal-API\Student-Admin-Portal-API.csproj", "{9E2707E9-6DF2-49AF-8740-B72166A594AA}"
EndProject
Global
	GlobalSection(SolutionConfigurationPlatforms) = preSolution
		Debug|Any CPU = Debug|Any CPU
		Release|Any CPU = Release|Any CPU
	EndGlobalSection
	GlobalSection(ProjectConfigurationPlatforms) = postSolution
		{9E2707E9-6DF2-49AF-8740-B72166A594AA}.Debug|Any CPU.ActiveCfg = Debug|Any CPU
		{9E2707E9-6DF2-49AF-8740-B72166A594AA}.Debug|Any CPU.Build.0 = Debug|Any CPU
		{9E2707E9-6DF2-49AF-8740-B72166A594AA}.Release|Any CPU.ActiveCfg = Release|Any CPU
		{9E2707E9-6DF2-49AF-8740-B72166A594AA}.Release|Any CPU.Build.0 = Release|Any CPU
	EndGlobalSection
	GlobalSection(SolutionProperties) = preSolution
		HideSolutionNode = FALSE
	EndGlobalSection
	GlobalSection(ExtensibilityGlobals) = postSolution
		SolutionGuid = {8F637FF3-BEE9-475A-9855-A2C9D59992D5}
	EndGlobalSection
EndGlobal
